
Microsoft Visual Studio Solution File, Format Version 11.00
# Visual Studio 2010
Project("{8BC9CEB8-8B4A-11D0-8D11-00A0C91BC942}") = "SimpleLSystem", "SimpleLSystem\SimpleLSystem.vcxproj", "{B56A6B83-AFA5-4CEC-BDB7-EF8FA4912F57}"
EndProject
Project("{8BC9CEB8-8B4A-11D0-8D11-00A0C91BC942}") = "SimpleLSystemWithBranching", "SimpleLSystemWithBranching\SimpleLSystemWithBranching.vcxproj", "{FF4B55D3-73A3-4651-AAAE-A99CCE5486A5}"
EndProject
Project("{8BC9CEB8-8B4A-11D0-8D11-00A0C91BC942}") = "SimpleGreedyLSystem", "SimpleGreedyLSystem\SimpleGreedyLSystem.vcxproj", "{15B9B9A9-AB04-4928-ABEE-0CC09234D35E}"
EndProject
Project("{8BC9CEB8-8B4A-11D0-8D11-00A0C91BC942}") = "SimpleGreedyFractal", "SimpleGreedyFractal\SimpleGreedyFractal.vcxproj", "{FA3FC920-EA7F-4B5C-BAC1-4E267E3ADD61}"
EndProject
Project("{8BC9CEB8-8B4A-11D0-8D11-00A0C91BC942}") = "SimpleGreedySpaceship", "SimpleGreedySpaceship\SimpleGreedySpaceship.vcxproj", "{40441FB4-3E6D-49EC-B5E7-5402D6424609}"
EndProject
Global
	GlobalSection(SolutionConfigurationPlatforms) = preSolution
		Debug|Win32 = Debug|Win32
		Debug|x64 = Debug|x64
		Release|Win32 = Release|Win32
		Release|x64 = Release|x64
	EndGlobalSection
	GlobalSection(ProjectConfigurationPlatforms) = postSolution
		{B56A6B83-AFA5-4CEC-BDB7-EF8FA4912F57}.Debug|Win32.ActiveCfg = Debug|Win32
		{B56A6B83-AFA5-4CEC-BDB7-EF8FA4912F57}.Debug|Win32.Build.0 = Debug|Win32
		{B56A6B83-AFA5-4CEC-BDB7-EF8FA4912F57}.Debug|x64.ActiveCfg = Debug|x64
		{B56A6B83-AFA5-4CEC-BDB7-EF8FA4912F57}.Debug|x64.Build.0 = Debug|x64
		{B56A6B83-AFA5-4CEC-BDB7-EF8FA4912F57}.Release|Win32.ActiveCfg = Release|Win32
		{B56A6B83-AFA5-4CEC-BDB7-EF8FA4912F57}.Release|Win32.Build.0 = Release|Win32
		{B56A6B83-AFA5-4CEC-BDB7-EF8FA4912F57}.Release|x64.ActiveCfg = Release|x64
		{B56A6B83-AFA5-4CEC-BDB7-EF8FA4912F57}.Release|x64.Build.0 = Release|x64
		{FF4B55D3-73A3-4651-AAAE-A99CCE5486A5}.Debug|Win32.ActiveCfg = Debug|Win32
		{FF4B55D3-73A3-4651-AAAE-A99CCE5486A5}.Debug|Win32.Build.0 = Debug|Win32
		{FF4B55D3-73A3-4651-AAAE-A99CCE5486A5}.Debug|x64.ActiveCfg = Debug|x64
		{FF4B55D3-73A3-4651-AAAE-A99CCE5486A5}.Debug|x64.Build.0 = Debug|x64
		{FF4B55D3-73A3-4651-AAAE-A99CCE5486A5}.Release|Win32.ActiveCfg = Release|Win32
		{FF4B55D3-73A3-4651-AAAE-A99CCE5486A5}.Release|Win32.Build.0 = Release|Win32
		{FF4B55D3-73A3-4651-AAAE-A99CCE5486A5}.Release|x64.ActiveCfg = Release|x64
		{FF4B55D3-73A3-4651-AAAE-A99CCE5486A5}.Release|x64.Build.0 = Release|x64
		{15B9B9A9-AB04-4928-ABEE-0CC09234D35E}.Debug|Win32.ActiveCfg = Debug|Win32
		{15B9B9A9-AB04-4928-ABEE-0CC09234D35E}.Debug|Win32.Build.0 = Debug|Win32
		{15B9B9A9-AB04-4928-ABEE-0CC09234D35E}.Debug|x64.ActiveCfg = Debug|x64
		{15B9B9A9-AB04-4928-ABEE-0CC09234D35E}.Debug|x64.Build.0 = Debug|x64
		{15B9B9A9-AB04-4928-ABEE-0CC09234D35E}.Release|Win32.ActiveCfg = Release|Win32
		{15B9B9A9-AB04-4928-ABEE-0CC09234D35E}.Release|Win32.Build.0 = Release|Win32
		{15B9B9A9-AB04-4928-ABEE-0CC09234D35E}.Release|x64.ActiveCfg = Release|x64
		{15B9B9A9-AB04-4928-ABEE-0CC09234D35E}.Release|x64.Build.0 = Release|x64
		{FA3FC920-EA7F-4B5C-BAC1-4E267E3ADD61}.Debug|Win32.ActiveCfg = Debug|Win32
		{FA3FC920-EA7F-4B5C-BAC1-4E267E3ADD61}.Debug|Win32.Build.0 = Debug|Win32
		{FA3FC920-EA7F-4B5C-BAC1-4E267E3ADD61}.Debug|x64.ActiveCfg = Debug|x64
		{FA3FC920-EA7F-4B5C-BAC1-4E267E3ADD61}.Debug|x64.Build.0 = Debug|x64
		{FA3FC920-EA7F-4B5C-BAC1-4E267E3ADD61}.Release|Win32.ActiveCfg = Release|Win32
		{FA3FC920-EA7F-4B5C-BAC1-4E267E3ADD61}.Release|Win32.Build.0 = Release|Win32
		{FA3FC920-EA7F-4B5C-BAC1-4E267E3ADD61}.Release|x64.ActiveCfg = Release|x64
		{FA3FC920-EA7F-4B5C-BAC1-4E267E3ADD61}.Release|x64.Build.0 = Release|x64
		{40441FB4-3E6D-49EC-B5E7-5402D6424609}.Debug|Win32.ActiveCfg = Debug|Win32
		{40441FB4-3E6D-49EC-B5E7-5402D6424609}.Debug|Win32.Build.0 = Debug|Win32
		{40441FB4-3E6D-49EC-B5E7-5402D6424609}.Debug|x64.ActiveCfg = Debug|x64
		{40441FB4-3E6D-49EC-B5E7-5402D6424609}.Debug|x64.Build.0 = Debug|x64
		{40441FB4-3E6D-49EC-B5E7-5402D6424609}.Release|Win32.ActiveCfg = Release|Win32
		{40441FB4-3E6D-49EC-B5E7-5402D6424609}.Release|Win32.Build.0 = Release|Win32
		{40441FB4-3E6D-49EC-B5E7-5402D6424609}.Release|x64.ActiveCfg = Release|x64
		{40441FB4-3E6D-49EC-B5E7-5402D6424609}.Release|x64.Build.0 = Release|x64
	EndGlobalSection
	GlobalSection(SolutionProperties) = preSolution
		HideSolutionNode = FALSE
	EndGlobalSection
EndGlobal
